
Microsoft Visual Studio Solution File, Format Version 12.00
# Visual Studio Version 16
VisualStudioVersion = 16.0.33130.400
MinimumVisualStudioVersion = 10.0.40219.1
Project("{FAE04EC0-301F-11D3-BF4B-00C04F79EFBC}") = "ShopManager", "ShopManager\ShopManager.csproj", "{CBB0BFD2-3399-4BA5-9DED-AC45632294E1}"
EndProject
Project("{FAE04EC0-301F-11D3-BF4B-00C04F79EFBC}") = "UnitTestShopManager", "UnitTestShopManager\UnitTestShopManager.csproj", "{68D33659-921D-4E51-97F2-B365F853FE9E}"
EndProject
Global
	GlobalSection(SolutionConfigurationPlatforms) = preSolution
		Debug|Any CPU = Debug|Any CPU
		Release|Any CPU = Release|Any CPU
	EndGlobalSection
	GlobalSection(ProjectConfigurationPlatforms) = postSolution
		{CBB0BFD2-3399-4BA5-9DED-AC45632294E1}.Debug|Any CPU.ActiveCfg = Debug|Any CPU
		{CBB0BFD2-3399-4BA5-9DED-AC45632294E1}.Debug|Any CPU.Build.0 = Debug|Any CPU
		{CBB0BFD2-3399-4BA5-9DED-AC45632294E1}.Release|Any CPU.ActiveCfg = Release|Any CPU
		{CBB0BFD2-3399-4BA5-9DED-AC45632294E1}.Release|Any CPU.Build.0 = Release|Any CPU
		{68D33659-921D-4E51-97F2-B365F853FE9E}.Debug|Any CPU.ActiveCfg = Debug|Any CPU
		{68D33659-921D-4E51-97F2-B365F853FE9E}.Debug|Any CPU.Build.0 = Debug|Any CPU
		{68D33659-921D-4E51-97F2-B365F853FE9E}.Release|Any CPU.ActiveCfg = Release|Any CPU
		{68D33659-921D-4E51-97F2-B365F853FE9E}.Release|Any CPU.Build.0 = Release|Any CPU
	EndGlobalSection
	GlobalSection(SolutionProperties) = preSolution
		HideSolutionNode = FALSE
	EndGlobalSection
	GlobalSection(ExtensibilityGlobals) = postSolution
		SolutionGuid = {B0FC145E-8FFC-4879-A69A-AB2DE4545F3F}
	EndGlobalSection
EndGlobal
